[["version","2"]]
["","git-latest",["https://github.com/sagikazarmark/daggerverse-beta"],"refs/heads/main",[["tagPrefix","dagger-gha"]]]
["","git-latest",["https://github.com/sagikazarmark/daggerverse-beta"],"refs/heads/main",[["tagPrefix","rust"]]]
["","git-sha",["https://github.com/rustsec/advisory-db.git","HEAD"],"b50980aad8b8f14f77e25a97b32dd94bf008b0af"]
["","git-sha",["https://github.com/sagikazarmark/daggerverse-beta","refs/heads/main"],"b0671fd12a040feaf0f811c70d66199cbbcd24ca"]
["","oci-sha",["docker.io/library/rust:1.98-slim-trixie"],"sha256:bce1476d4be4d78b83705bc5f428b86d640eeeea33e9dadafbc037b5703a53bf"]